
Microsoft Visual Studio Solution File, Format Version 12.00
# Visual Studio Version 16
VisualStudioVersion = 16.0.31410.357
MinimumVisualStudioVersion = 10.0.40219.1
Project("{FAE04EC0-301F-11D3-BF4B-00C04F79EFBC}") = "DB2 PROJECT", "DB2 PROJECT.csproj", "{91539A7A-D173-479F-92E9-2B035A6AA355}"
EndProject
Global
	GlobalSection(SolutionConfigurationPlatforms) = preSolution
		Debug|Any CPU = Debug|Any CPU
		Release|Any CPU = Release|Any CPU
	EndGlobalSection
	GlobalSection(ProjectConfigurationPlatforms) = postSolution
		{91539A7A-D173-479F-92E9-2B035A6AA355}.Debug|Any CPU.ActiveCfg = Debug|Any CPU
		{91539A7A-D173-479F-92E9-2B035A6AA355}.Debug|Any CPU.Build.0 = Debug|Any CPU
		{91539A7A-D173-479F-92E9-2B035A6AA355}.Release|Any CPU.ActiveCfg = Release|Any CPU
		{91539A7A-D173-479F-92E9-2B035A6AA355}.Release|Any CPU.Build.0 = Release|Any CPU
	EndGlobalSection
	GlobalSection(SolutionProperties) = preSolution
		HideSolutionNode = FALSE
	EndGlobalSection
	GlobalSection(ExtensibilityGlobals) = postSolution
		SolutionGuid = {5AFF84E5-BBA1-461C-9C75-2E19EAFBB40A}
	EndGlobalSection
EndGlobal
